
Microsoft Visual Studio Solution File, Format Version 12.00
# Visual Studio Version 17
VisualStudioVersion = 17.8.34316.72
MinimumVisualStudioVersion = 10.0.40219.1
Project("{FAE04EC0-301F-11D3-BF4B-00C04F79EFBC}") = "sfgridtest", "sfgridtest\sfgridtest.csproj", "{708BDB79-8FA9-4989-80EA-AFC3ABAE98B3}"
EndProject
Global
	GlobalSection(SolutionConfigurationPlatforms) = preSolution
		Debug|Any CPU = Debug|Any CPU
		Release|Any CPU = Release|Any CPU
	EndGlobalSection
	GlobalSection(ProjectConfigurationPlatforms) = postSolution
		{708BDB79-8FA9-4989-80EA-AFC3ABAE98B3}.Debug|Any CPU.ActiveCfg = Debug|Any CPU
		{708BDB79-8FA9-4989-80EA-AFC3ABAE98B3}.Debug|Any CPU.Build.0 = Debug|Any CPU
		{708BDB79-8FA9-4989-80EA-AFC3ABAE98B3}.Release|Any CPU.ActiveCfg = Release|Any CPU
		{708BDB79-8FA9-4989-80EA-AFC3ABAE98B3}.Release|Any CPU.Build.0 = Release|Any CPU
	EndGlobalSection
	GlobalSection(SolutionProperties) = preSolution
		HideSolutionNode = FALSE
	EndGlobalSection
	GlobalSection(ExtensibilityGlobals) = postSolution
		SolutionGuid = {5AFDB520-EA98-42BA-B6BC-32555D89EC8E}
	EndGlobalSection
EndGlobal
